
Microsoft Visual Studio Solution File, Format Version 12.00
# Visual Studio Version 17
VisualStudioVersion = 17.12.35527.113
MinimumVisualStudioVersion = 10.0.40219.1
Project("{FAE04EC0-301F-11D3-BF4B-00C04F79EFBC}") = "002.RabbitMQ.Consumer", "002.RabbitMQ.Consumer\002.RabbitMQ.Consumer.csproj", "{BC06B2A8-611E-495D-B107-5F4C4460B004}"
EndProject
Project("{FAE04EC0-301F-11D3-BF4B-00C04F79EFBC}") = "001.RabbiMQ.Producer", "001.RabbiMQ.Producer\001.RabbiMQ.Producer.csproj", "{2B77B470-74C7-4410-A24D-D597D1B06A2C}"
EndProject
Project("{FAE04EC0-301F-11D3-BF4B-00C04F79EFBC}") = "003.RabbitMQ.Consumer.Ack.Reject", "003.RabbitMQ.Consumer.Ack.Reject\003.RabbitMQ.Consumer.Ack.Reject.csproj", "{097AF269-D310-48B3-81D9-B50D5331FCF4}"
EndProject
Project("{FAE04EC0-301F-11D3-BF4B-00C04F79EFBC}") = "004.RabbitMQ.Consumer.Reject.Requeue", "004.RabbitMQ.Consumer.Reject.Requeue\004.RabbitMQ.Consumer.Reject.Requeue.csproj", "{076E2BDF-AA51-4531-B241-C9BEE7A6160F}"
EndProject
Project("{FAE04EC0-301F-11D3-BF4B-00C04F79EFBC}") = "005.RabbitMQ.Consumer.Basic.Get.Basic.Consume", "005.RabbitMQ.Consumer.Basic.Get.Basic.Consume\005.RabbitMQ.Consumer.Basic.Get.Basic.Consume.csproj", "{C2FFB9FD-259F-429D-959B-FBE7DE8237C5}"
EndProject
Project("{FAE04EC0-301F-11D3-BF4B-00C04F79EFBC}") = "006.RabbitMQ.Multiple.Consumers", "006.RabbitMQ.Multiple.Consumers\006.RabbitMQ.Multiple.Consumers.csproj", "{5E59CA8C-672C-4312-B4D9-0CE1F2687239}"
EndProject
Project("{FAE04EC0-301F-11D3-BF4B-00C04F79EFBC}") = "007.RabbitMQ.Multiple.Consumer.Ack.Reject", "007.RabbitMQ.Mutiple.Consumer.Ack.Reject\007.RabbitMQ.Multiple.Consumer.Ack.Reject.csproj", "{EB61EB2C-BCA2-4B6C-A86F-458F88CE7669}"
EndProject
Project("{FAE04EC0-301F-11D3-BF4B-00C04F79EFBC}") = "008.RabbitMQ.Multiple.Consumer.Reject.Requeue", "008.RabbitMQ.Multiple.Consumer.Reject.Requeue\008.RabbitMQ.Multiple.Consumer.Reject.Requeue.csproj", "{C538DD28-0CF3-4E65-9CF4-5A250D6284F9}"
EndProject
Project("{FAE04EC0-301F-11D3-BF4B-00C04F79EFBC}") = "009,RabbitMQ.Multiple.Consumer.Disconnect", "009,RabbitMQ.Multiple.Consumer.Disconnect\009,RabbitMQ.Multiple.Consumer.Disconnect.csproj", "{36E80996-94CC-4787-9600-2ED9E9591528}"
EndProject
Project("{FAE04EC0-301F-11D3-BF4B-00C04F79EFBC}") = "010.RabbitMQ.Multiple.Consumer.Forget.Ack.Reject", "010.RabbitMQ.Multiple.Consumer.Forget.Ack.Reject\010.RabbitMQ.Multiple.Consumer.Forget.Ack.Reject.csproj", "{5011E28D-39F0-4928-9AA9-92E1767B7879}"
EndProject
Project("{FAE04EC0-301F-11D3-BF4B-00C04F79EFBC}") = "011.RabbitMQ.Anonymous.Queue", "011.RabbitMQ.Anonymous.Queue\011.RabbitMQ.Anonymous.Queue.csproj", "{C608FC36-99F1-4DFF-BCE2-0CD8579DEFC5}"
EndProject
Project("{FAE04EC0-301F-11D3-BF4B-00C04F79EFBC}") = "012.RabbitMQ.Exclusive.Queue", "012.RabbitMQ.Exclusive.AutoDelete.Queue\012.RabbitMQ.Exclusive.Queue.csproj", "{7D17F8B9-A455-4708-A045-E7A919E48945}"
EndProject
Global
	GlobalSection(SolutionConfigurationPlatforms) = preSolution
		Debug|Any CPU = Debug|Any CPU
		Release|Any CPU = Release|Any CPU
	EndGlobalSection
	GlobalSection(ProjectConfigurationPlatforms) = postSolution
		{BC06B2A8-611E-495D-B107-5F4C4460B004}.Debug|Any CPU.ActiveCfg = Debug|Any CPU
		{BC06B2A8-611E-495D-B107-5F4C4460B004}.Debug|Any CPU.Build.0 = Debug|Any CPU
		{BC06B2A8-611E-495D-B107-5F4C4460B004}.Release|Any CPU.ActiveCfg = Release|Any CPU
		{BC06B2A8-611E-495D-B107-5F4C4460B004}.Release|Any CPU.Build.0 = Release|Any CPU
		{2B77B470-74C7-4410-A24D-D597D1B06A2C}.Debug|Any CPU.ActiveCfg = Debug|Any CPU
		{2B77B470-74C7-4410-A24D-D597D1B06A2C}.Debug|Any CPU.Build.0 = Debug|Any CPU
		{2B77B470-74C7-4410-A24D-D597D1B06A2C}.Release|Any CPU.ActiveCfg = Release|Any CPU
		{2B77B470-74C7-4410-A24D-D597D1B06A2C}.Release|Any CPU.Build.0 = Release|Any CPU
		{097AF269-D310-48B3-81D9-B50D5331FCF4}.Debug|Any CPU.ActiveCfg = Debug|Any CPU
		{097AF269-D310-48B3-81D9-B50D5331FCF4}.Debug|Any CPU.Build.0 = Debug|Any CPU
		{097AF269-D310-48B3-81D9-B50D5331FCF4}.Release|Any CPU.ActiveCfg = Release|Any CPU
		{097AF269-D310-48B3-81D9-B50D5331FCF4}.Release|Any CPU.Build.0 = Release|Any CPU
		{076E2BDF-AA51-4531-B241-C9BEE7A6160F}.Debug|Any CPU.ActiveCfg = Debug|Any CPU
		{076E2BDF-AA51-4531-B241-C9BEE7A6160F}.Debug|Any CPU.Build.0 = Debug|Any CPU
		{076E2BDF-AA51-4531-B241-C9BEE7A6160F}.Release|Any CPU.ActiveCfg = Release|Any CPU
		{076E2BDF-AA51-4531-B241-C9BEE7A6160F}.Release|Any CPU.Build.0 = Release|Any CPU
		{C2FFB9FD-259F-429D-959B-FBE7DE8237C5}.Debug|Any CPU.ActiveCfg = Debug|Any CPU
		{C2FFB9FD-259F-429D-959B-FBE7DE8237C5}.Debug|Any CPU.Build.0 = Debug|Any CPU
		{C2FFB9FD-259F-429D-959B-FBE7DE8237C5}.Release|Any CPU.ActiveCfg = Release|Any CPU
		{C2FFB9FD-259F-429D-959B-FBE7DE8237C5}.Release|Any CPU.Build.0 = Release|Any CPU
		{5E59CA8C-672C-4312-B4D9-0CE1F2687239}.Debug|Any CPU.ActiveCfg = Debug|Any CPU
		{5E59CA8C-672C-4312-B4D9-0CE1F2687239}.Debug|Any CPU.Build.0 = Debug|Any CPU
		{5E59CA8C-672C-4312-B4D9-0CE1F2687239}.Release|Any CPU.ActiveCfg = Release|Any CPU
		{5E59CA8C-672C-4312-B4D9-0CE1F2687239}.Release|Any CPU.Build.0 = Release|Any CPU
		{EB61EB2C-BCA2-4B6C-A86F-458F88CE7669}.Debug|Any CPU.ActiveCfg = Debug|Any CPU
		{EB61EB2C-BCA2-4B6C-A86F-458F88CE7669}.Debug|Any CPU.Build.0 = Debug|Any CPU
		{EB61EB2C-BCA2-4B6C-A86F-458F88CE7669}.Release|Any CPU.ActiveCfg = Release|Any CPU
		{EB61EB2C-BCA2-4B6C-A86F-458F88CE7669}.Release|Any CPU.Build.0 = Release|Any CPU
		{C538DD28-0CF3-4E65-9CF4-5A250D6284F9}.Debug|Any CPU.ActiveCfg = Debug|Any CPU
		{C538DD28-0CF3-4E65-9CF4-5A250D6284F9}.Debug|Any CPU.Build.0 = Debug|Any CPU
		{C538DD28-0CF3-4E65-9CF4-5A250D6284F9}.Release|Any CPU.ActiveCfg = Release|Any CPU
		{C538DD28-0CF3-4E65-9CF4-5A250D6284F9}.Release|Any CPU.Build.0 = Release|Any CPU
		{36E80996-94CC-4787-9600-2ED9E9591528}.Debug|Any CPU.ActiveCfg = Debug|Any CPU
		{36E80996-94CC-4787-9600-2ED9E9591528}.Debug|Any CPU.Build.0 = Debug|Any CPU
		{36E80996-94CC-4787-9600-2ED9E9591528}.Release|Any CPU.ActiveCfg = Release|Any CPU
		{36E80996-94CC-4787-9600-2ED9E9591528}.Release|Any CPU.Build.0 = Release|Any CPU
		{5011E28D-39F0-4928-9AA9-92E1767B7879}.Debug|Any CPU.ActiveCfg = Debug|Any CPU
		{5011E28D-39F0-4928-9AA9-92E1767B7879}.Debug|Any CPU.Build.0 = Debug|Any CPU
		{5011E28D-39F0-4928-9AA9-92E1767B7879}.Release|Any CPU.ActiveCfg = Release|Any CPU
		{5011E28D-39F0-4928-9AA9-92E1767B7879}.Release|Any CPU.Build.0 = Release|Any CPU
		{C608FC36-99F1-4DFF-BCE2-0CD8579DEFC5}.Debug|Any CPU.ActiveCfg = Debug|Any CPU
		{C608FC36-99F1-4DFF-BCE2-0CD8579DEFC5}.Debug|Any CPU.Build.0 = Debug|Any CPU
		{C608FC36-99F1-4DFF-BCE2-0CD8579DEFC5}.Release|Any CPU.ActiveCfg = Release|Any CPU
		{C608FC36-99F1-4DFF-BCE2-0CD8579DEFC5}.Release|Any CPU.Build.0 = Release|Any CPU
		{7D17F8B9-A455-4708-A045-E7A919E48945}.Debug|Any CPU.ActiveCfg = Debug|Any CPU
		{7D17F8B9-A455-4708-A045-E7A919E48945}.Debug|Any CPU.Build.0 = Debug|Any CPU
		{7D17F8B9-A455-4708-A045-E7A919E48945}.Release|Any CPU.ActiveCfg = Release|Any CPU
		{7D17F8B9-A455-4708-A045-E7A919E48945}.Release|Any CPU.Build.0 = Release|Any CPU
	EndGlobalSection
	GlobalSection(SolutionProperties) = preSolution
		HideSolutionNode = FALSE
	EndGlobalSection
EndGlobal
